
Microsoft Visual Studio Solution File, Format Version 12.00
# Visual Studio Version 17
VisualStudioVersion = 17.5.002.0
MinimumVisualStudioVersion = 10.0.40219.1
Project("{2150E333-8FDC-42A3-9474-1A3956D46DE8}") = "prepare", "prepare", "{8BAD2A12-A95D-482C-9A57-ACD89C04C8A5}"
EndProject
Project("{9A19103F-16F7-4668-BE54-9A1E7A4F7556}") = "Learning02", "prepare\Learning02\Learning02.csproj", "{28CD867A-F3D6-487B-B366-E393700CFF6B}"
EndProject
Project("{9A19103F-16F7-4668-BE54-9A1E7A4F7556}") = "Learning05", "prepare\Learning05\Learning05.csproj", "{701B7403-4E8A-4487-90D7-64AAAF9A7FAA}"
EndProject
Project("{9A19103F-16F7-4668-BE54-9A1E7A4F7556}") = "Learning04", "prepare\Learning04\Learning04.csproj", "{5AB5291F-5E5F-4EC6-B938-89DCC9DD96B2}"
EndProject
Project("{9A19103F-16F7-4668-BE54-9A1E7A4F7556}") = "Learning03", "prepare\Learning03\Learning03.csproj", "{FE57CDBA-FCBF-499C-ABF6-5B506283FBA4}"
EndProject
Project("{2150E333-8FDC-42A3-9474-1A3956D46DE8}") = "prove", "prove", "{7FAE4976-F8BB-4738-9716-DEEE2323569C}"
EndProject
Project("{9A19103F-16F7-4668-BE54-9A1E7A4F7556}") = "Develop03", "prove\Develop03\Develop03.csproj", "{9323629F-AFBD-46A7-8B70-4F74BDB45016}"
EndProject
Project("{9A19103F-16F7-4668-BE54-9A1E7A4F7556}") = "Develop04", "prove\Develop04\Develop04.csproj", "{DC68B782-042B-4908-BC96-058013B70BA0}"
EndProject
Project("{9A19103F-16F7-4668-BE54-9A1E7A4F7556}") = "Develop05", "prove\Develop05\Develop05.csproj", "{13DD118D-1EBC-4D86-9CA9-CE2F953998A1}"
EndProject
Project("{9A19103F-16F7-4668-BE54-9A1E7A4F7556}") = "Develop02", "prove\Develop02\Develop02.csproj", "{3A56824F-3278-4781-97E1-24A2BA62E121}"
EndProject
Project("{2150E333-8FDC-42A3-9474-1A3956D46DE8}") = "sandbox", "sandbox", "{F7660E04-9626-4355-BD55-6D961413725E}"
EndProject
Project("{9A19103F-16F7-4668-BE54-9A1E7A4F7556}") = "Sandbox", "sandbox\Sandbox\Sandbox.csproj", "{5918B47F-C754-4D73-A7FC-D14075E3FBD0}"
EndProject
Project("{2150E333-8FDC-42A3-9474-1A3956D46DE8}") = "final", "final", "{78AE2E08-62A4-4FEE-A256-84A88F54D2FF}"
EndProject
Project("{9A19103F-16F7-4668-BE54-9A1E7A4F7556}") = "FinalProject", "final\FinalProject\FinalProject.csproj", "{760C6309-F3F5-4138-A803-EC957EDBC7C2}"
EndProject
Project("{9A19103F-16F7-4668-BE54-9A1E7A4F7556}") = "Foundation1", "final\Foundation1\Foundation1.csproj", "{9D9F3768-F1CC-4CDF-B216-BF8E22C73D0C}"
EndProject
Project("{9A19103F-16F7-4668-BE54-9A1E7A4F7556}") = "Foundation4", "final\Foundation4\Foundation4.csproj", "{E14A4A12-41F0-4B31-BBF3-C306A53C47E7}"
EndProject
Project("{9A19103F-16F7-4668-BE54-9A1E7A4F7556}") = "Foundation3", "final\Foundation3\Foundation3.csproj", "{19D6438E-20D7-496E-A774-C513FA1CF7F3}"
EndProject
Project("{9A19103F-16F7-4668-BE54-9A1E7A4F7556}") = "Foundation2", "final\Foundation2\Foundation2.csproj", "{B4D7ECE9-51E5-4645-B50D-E947C60FD362}"
EndProject
Project("{2150E333-8FDC-42A3-9474-1A3956D46DE8}") = "csharp-prep", "csharp-prep", "{69D54F26-5362-408B-B4B2-54F72E3E0558}"
EndProject
Project("{9A19103F-16F7-4668-BE54-9A1E7A4F7556}") = "Prep1", "csharp-prep\Prep1\Prep1.csproj", "{0F971D9A-0541-413E-B5B8-A73CBA3ADB83}"
EndProject
Project("{9A19103F-16F7-4668-BE54-9A1E7A4F7556}") = "Prep5", "csharp-prep\Prep5\Prep5.csproj", "{9D39A339-9451-43F1-8101-000FDBBC3376}"
EndProject
Project("{9A19103F-16F7-4668-BE54-9A1E7A4F7556}") = "Prep2", "csharp-prep\Prep2\Prep2.csproj", "{CB646364-161F-4CA8-87B9-744517CB70E1}"
EndProject
Project("{9A19103F-16F7-4668-BE54-9A1E7A4F7556}") = "Prep3", "csharp-prep\Prep3\Prep3.csproj", "{5D45B2DF-18FB-479E-BCEA-6FAF297B9B85}"
EndProject
Project("{9A19103F-16F7-4668-BE54-9A1E7A4F7556}") = "Prep4", "csharp-prep\Prep4\Prep4.csproj", "{C58BC557-B4F1-449E-AFA5-0BD6A34F4069}"
EndProject
Global
	GlobalSection(SolutionConfigurationPlatforms) = preSolution
		Debug|Any CPU = Debug|Any CPU
		Release|Any CPU = Release|Any CPU
	EndGlobalSection
	GlobalSection(ProjectConfigurationPlatforms) = postSolution
		{28CD867A-F3D6-487B-B366-E393700CFF6B}.Debug|Any CPU.ActiveCfg = Debug|Any CPU
		{28CD867A-F3D6-487B-B366-E393700CFF6B}.Debug|Any CPU.Build.0 = Debug|Any CPU
		{28CD867A-F3D6-487B-B366-E393700CFF6B}.Release|Any CPU.ActiveCfg = Release|Any CPU
		{28CD867A-F3D6-487B-B366-E393700CFF6B}.Release|Any CPU.Build.0 = Release|Any CPU
		{701B7403-4E8A-4487-90D7-64AAAF9A7FAA}.Debug|Any CPU.ActiveCfg = Debug|Any CPU
		{701B7403-4E8A-4487-90D7-64AAAF9A7FAA}.Debug|Any CPU.Build.0 = Debug|Any CPU
		{701B7403-4E8A-4487-90D7-64AAAF9A7FAA}.Release|Any CPU.ActiveCfg = Release|Any CPU
		{701B7403-4E8A-4487-90D7-64AAAF9A7FAA}.Release|Any CPU.Build.0 = Release|Any CPU
		{5AB5291F-5E5F-4EC6-B938-89DCC9DD96B2}.Debug|Any CPU.ActiveCfg = Debug|Any CPU
		{5AB5291F-5E5F-4EC6-B938-89DCC9DD96B2}.Debug|Any CPU.Build.0 = Debug|Any CPU
		{5AB5291F-5E5F-4EC6-B938-89DCC9DD96B2}.Release|Any CPU.ActiveCfg = Release|Any CPU
		{5AB5291F-5E5F-4EC6-B938-89DCC9DD96B2}.Release|Any CPU.Build.0 = Release|Any CPU
		{FE57CDBA-FCBF-499C-ABF6-5B506283FBA4}.Debug|Any CPU.ActiveCfg = Debug|Any CPU
		{FE57CDBA-FCBF-499C-ABF6-5B506283FBA4}.Debug|Any CPU.Build.0 = Debug|Any CPU
		{FE57CDBA-FCBF-499C-ABF6-5B506283FBA4}.Release|Any CPU.ActiveCfg = Release|Any CPU
		{FE57CDBA-FCBF-499C-ABF6-5B506283FBA4}.Release|Any CPU.Build.0 = Release|Any CPU
		{9323629F-AFBD-46A7-8B70-4F74BDB45016}.Debug|Any CPU.ActiveCfg = Debug|Any CPU
		{9323629F-AFBD-46A7-8B70-4F74BDB45016}.Debug|Any CPU.Build.0 = Debug|Any CPU
		{9323629F-AFBD-46A7-8B70-4F74BDB45016}.Release|Any CPU.ActiveCfg = Release|Any CPU
		{9323629F-AFBD-46A7-8B70-4F74BDB45016}.Release|Any CPU.Build.0 = Release|Any CPU
		{DC68B782-042B-4908-BC96-058013B70BA0}.Debug|Any CPU.ActiveCfg = Debug|Any CPU
		{DC68B782-042B-4908-BC96-058013B70BA0}.Debug|Any CPU.Build.0 = Debug|Any CPU
		{DC68B782-042B-4908-BC96-058013B70BA0}.Release|Any CPU.ActiveCfg = Release|Any CPU
		{DC68B782-042B-4908-BC96-058013B70BA0}.Release|Any CPU.Build.0 = Release|Any CPU
		{13DD118D-1EBC-4D86-9CA9-CE2F953998A1}.Debug|Any CPU.ActiveCfg = Debug|Any CPU
		{13DD118D-1EBC-4D86-9CA9-CE2F953998A1}.Debug|Any CPU.Build.0 = Debug|Any CPU
		{13DD118D-1EBC-4D86-9CA9-CE2F953998A1}.Release|Any CPU.ActiveCfg = Release|Any CPU
		{13DD118D-1EBC-4D86-9CA9-CE2F953998A1}.Release|Any CPU.Build.0 = Release|Any CPU
		{3A56824F-3278-4781-97E1-24A2BA62E121}.Debug|Any CPU.ActiveCfg = Debug|Any CPU
		{3A56824F-3278-4781-97E1-24A2BA62E121}.Debug|Any CPU.Build.0 = Debug|Any CPU
		{3A56824F-3278-4781-97E1-24A2BA62E121}.Release|Any CPU.ActiveCfg = Release|Any CPU
		{3A56824F-3278-4781-97E1-24A2BA62E121}.Release|Any CPU.Build.0 = Release|Any CPU
		{5918B47F-C754-4D73-A7FC-D14075E3FBD0}.Debug|Any CPU.ActiveCfg = Debug|Any CPU
		{5918B47F-C754-4D73-A7FC-D14075E3FBD0}.Debug|Any CPU.Build.0 = Debug|Any CPU
		{5918B47F-C754-4D73-A7FC-D14075E3FBD0}.Release|Any CPU.ActiveCfg = Release|Any CPU
		{5918B47F-C754-4D73-A7FC-D14075E3FBD0}.Release|Any CPU.Build.0 = Release|Any CPU
		{760C6309-F3F5-4138-A803-EC957EDBC7C2}.Debug|Any CPU.ActiveCfg = Debug|Any CPU
		{760C6309-F3F5-4138-A803-EC957EDBC7C2}.Debug|Any CPU.Build.0 = Debug|Any CPU
		{760C6309-F3F5-4138-A803-EC957EDBC7C2}.Release|Any CPU.ActiveCfg = Release|Any CPU
		{760C6309-F3F5-4138-A803-EC957EDBC7C2}.Release|Any CPU.Build.0 = Release|Any CPU
		{9D9F3768-F1CC-4CDF-B216-BF8E22C73D0C}.Debug|Any CPU.ActiveCfg = Debug|Any CPU
		{9D9F3768-F1CC-4CDF-B216-BF8E22C73D0C}.Debug|Any CPU.Build.0 = Debug|Any CPU
		{9D9F3768-F1CC-4CDF-B216-BF8E22C73D0C}.Release|Any CPU.ActiveCfg = Release|Any CPU
		{9D9F3768-F1CC-4CDF-B216-BF8E22C73D0C}.Release|Any CPU.Build.0 = Release|Any CPU
		{E14A4A12-41F0-4B31-BBF3-C306A53C47E7}.Debug|Any CPU.ActiveCfg = Debug|Any CPU
		{E14A4A12-41F0-4B31-BBF3-C306A53C47E7}.Debug|Any CPU.Build.0 = Debug|Any CPU
		{E14A4A12-41F0-4B31-BBF3-C306A53C47E7}.Release|Any CPU.ActiveCfg = Release|Any CPU
		{E14A4A12-41F0-4B31-BBF3-C306A53C47E7}.Release|Any CPU.Build.0 = Release|Any CPU
		{19D6438E-20D7-496E-A774-C513FA1CF7F3}.Debug|Any CPU.ActiveCfg = Debug|Any CPU
		{19D6438E-20D7-496E-A774-C513FA1CF7F3}.Debug|Any CPU.Build.0 = Debug|Any CPU
		{19D6438E-20D7-496E-A774-C513FA1CF7F3}.Release|Any CPU.ActiveCfg = Release|Any CPU
		{19D6438E-20D7-496E-A774-C513FA1CF7F3}.Release|Any CPU.Build.0 = Release|Any CPU
		{B4D7ECE9-51E5-4645-B50D-E947C60FD362}.Debug|Any CPU.ActiveCfg = Debug|Any CPU
		{B4D7ECE9-51E5-4645-B50D-E947C60FD362}.Debug|Any CPU.Build.0 = Debug|Any CPU
		{B4D7ECE9-51E5-4645-B50D-E947C60FD362}.Release|Any CPU.ActiveCfg = Release|Any CPU
		{B4D7ECE9-51E5-4645-B50D-E947C60FD362}.Release|Any CPU.Build.0 = Release|Any CPU
		{0F971D9A-0541-413E-B5B8-A73CBA3ADB83}.Debug|Any CPU.ActiveCfg = Debug|Any CPU
		{0F971D9A-0541-413E-B5B8-A73CBA3ADB83}.Debug|Any CPU.Build.0 = Debug|Any CPU
		{0F971D9A-0541-413E-B5B8-A73CBA3ADB83}.Release|Any CPU.ActiveCfg = Release|Any CPU
		{0F971D9A-0541-413E-B5B8-A73CBA3ADB83}.Release|Any CPU.Build.0 = Release|Any CPU
		{9D39A339-9451-43F1-8101-000FDBBC3376}.Debug|Any CPU.ActiveCfg = Debug|Any CPU
		{9D39A339-9451-43F1-8101-000FDBBC3376}.Debug|Any CPU.Build.0 = Debug|Any CPU
		{9D39A339-9451-43F1-8101-000FDBBC3376}.Release|Any CPU.ActiveCfg = Release|Any CPU
		{9D39A339-9451-43F1-8101-000FDBBC3376}.Release|Any CPU.Build.0 = Release|Any CPU
		{CB646364-161F-4CA8-87B9-744517CB70E1}.Debug|Any CPU.ActiveCfg = Debug|Any CPU
		{CB646364-161F-4CA8-87B9-744517CB70E1}.Debug|Any CPU.Build.0 = Debug|Any CPU
		{CB646364-161F-4CA8-87B9-744517CB70E1}.Release|Any CPU.ActiveCfg = Release|Any CPU
		{CB646364-161F-4CA8-87B9-744517CB70E1}.Release|Any CPU.Build.0 = Release|Any CPU
		{5D45B2DF-18FB-479E-BCEA-6FAF297B9B85}.Debug|Any CPU.ActiveCfg = Debug|Any CPU
		{5D45B2DF-18FB-479E-BCEA-6FAF297B9B85}.Debug|Any CPU.Build.0 = Debug|Any CPU
		{5D45B2DF-18FB-479E-BCEA-6FAF297B9B85}.Release|Any CPU.ActiveCfg = Release|Any CPU
		{5D45B2DF-18FB-479E-BCEA-6FAF297B9B85}.Release|Any CPU.Build.0 = Release|Any CPU
		{C58BC557-B4F1-449E-AFA5-0BD6A34F4069}.Debug|Any CPU.ActiveCfg = Debug|Any CPU
		{C58BC557-B4F1-449E-AFA5-0BD6A34F4069}.Debug|Any CPU.Build.0 = Debug|Any CPU
		{C58BC557-B4F1-449E-AFA5-0BD6A34F4069}.Release|Any CPU.ActiveCfg = Release|Any CPU
		{C58BC557-B4F1-449E-AFA5-0BD6A34F4069}.Release|Any CPU.Build.0 = Release|Any CPU
	EndGlobalSection
	GlobalSection(SolutionProperties) = preSolution
		HideSolutionNode = FALSE
	EndGlobalSection
	GlobalSection(NestedProjects) = preSolution
		{28CD867A-F3D6-487B-B366-E393700CFF6B} = {8BAD2A12-A95D-482C-9A57-ACD89C04C8A5}
		{701B7403-4E8A-4487-90D7-64AAAF9A7FAA} = {8BAD2A12-A95D-482C-9A57-ACD89C04C8A5}
		{5AB5291F-5E5F-4EC6-B938-89DCC9DD96B2} = {8BAD2A12-A95D-482C-9A57-ACD89C04C8A5}
		{FE57CDBA-FCBF-499C-ABF6-5B506283FBA4} = {8BAD2A12-A95D-482C-9A57-ACD89C04C8A5}
		{9323629F-AFBD-46A7-8B70-4F74BDB45016} = {7FAE4976-F8BB-4738-9716-DEEE2323569C}
		{DC68B782-042B-4908-BC96-058013B70BA0} = {7FAE4976-F8BB-4738-9716-DEEE2323569C}
		{13DD118D-1EBC-4D86-9CA9-CE2F953998A1} = {7FAE4976-F8BB-4738-9716-DEEE2323569C}
		{3A56824F-3278-4781-97E1-24A2BA62E121} = {7FAE4976-F8BB-4738-9716-DEEE2323569C}
		{5918B47F-C754-4D73-A7FC-D14075E3FBD0} = {F7660E04-9626-4355-BD55-6D961413725E}
		{760C6309-F3F5-4138-A803-EC957EDBC7C2} = {78AE2E08-62A4-4FEE-A256-84A88F54D2FF}
		{9D9F3768-F1CC-4CDF-B216-BF8E22C73D0C} = {78AE2E08-62A4-4FEE-A256-84A88F54D2FF}
		{E14A4A12-41F0-4B31-BBF3-C306A53C47E7} = {78AE2E08-62A4-4FEE-A256-84A88F54D2FF}
		{19D6438E-20D7-496E-A774-C513FA1CF7F3} = {78AE2E08-62A4-4FEE-A256-84A88F54D2FF}
		{B4D7ECE9-51E5-4645-B50D-E947C60FD362} = {78AE2E08-62A4-4FEE-A256-84A88F54D2FF}
		{0F971D9A-0541-413E-B5B8-A73CBA3ADB83} = {69D54F26-5362-408B-B4B2-54F72E3E0558}
		{9D39A339-9451-43F1-8101-000FDBBC3376} = {69D54F26-5362-408B-B4B2-54F72E3E0558}
		{CB646364-161F-4CA8-87B9-744517CB70E1} = {69D54F26-5362-408B-B4B2-54F72E3E0558}
		{5D45B2DF-18FB-479E-BCEA-6FAF297B9B85} = {69D54F26-5362-408B-B4B2-54F72E3E0558}
		{C58BC557-B4F1-449E-AFA5-0BD6A34F4069} = {69D54F26-5362-408B-B4B2-54F72E3E0558}
	EndGlobalSection
	GlobalSection(ExtensibilityGlobals) = postSolution
		SolutionGuid = {83584B83-EAD9-4F87-B928-C586BB59EA71}
	EndGlobalSection
EndGlobal
